Microsoft Visual Studio Solution File, Format Version 12.00
# Visual Studio 15
VisualStudioVersion = 15.0.26430.14
MinimumVisualStudioVersion = 10.0.40219.1
Project("{FAE04EC0-301F-11D3-BF4B-00C04F79EFBC}") = "APIMATICCalculator.Standard", "APIMATICCalculator.Standard/APIMATICCalculator.Standard.csproj", "{cfeec74b-24a8-41b7-b245-960eff4a6b6c}"
EndProject
Project("{FAE04EC0-301F-11D3-BF4B-00C04F79EFBC}") = "APIMATICCalculator.Tests", "APIMATICCalculator.Tests/APIMATICCalculator.Tests.csproj", "{5c6ccca3-03ad-4a99-8d12-0ddd0040238d}"
EndProject
Global
    GlobalSection(SolutionConfigurationPlatforms) = preSolution
        Debug|Any CPU = Debug|Any CPU
        Release|Any CPU = Release|Any CPU
    EndGlobalSection
    GlobalSection(ProjectConfigurationPlatforms) = postSolution
        {cfeec74b-24a8-41b7-b245-960eff4a6b6c}.Debug|Any CPU.ActiveCfg = Debug|Any CPU
        {cfeec74b-24a8-41b7-b245-960eff4a6b6c}.Debug|Any CPU.Build.0 = Debug|Any CPU
        {cfeec74b-24a8-41b7-b245-960eff4a6b6c}.Release|Any CPU.ActiveCfg = Release|Any CPU
        {cfeec74b-24a8-41b7-b245-960eff4a6b6c}.Release|Any CPU.Build.0 = Release|Any CPU
        {5c6ccca3-03ad-4a99-8d12-0ddd0040238d}.Debug|Any CPU.ActiveCfg = Debug|Any CPU
        {5c6ccca3-03ad-4a99-8d12-0ddd0040238d}.Debug|Any CPU.Build.0 = Debug|Any CPU
        {5c6ccca3-03ad-4a99-8d12-0ddd0040238d}.Release|Any CPU.ActiveCfg = Release|Any CPU
        {5c6ccca3-03ad-4a99-8d12-0ddd0040238d}.Release|Any CPU.Build.0 = Release|Any CPU
    EndGlobalSection
    GlobalSection(SolutionProperties) = preSolution
        HideSolutionNode = FALSE
    EndGlobalSection
EndGlobal
